// !$*UTF8*$!
{
	archiveVersion = 1;
	classes = {
	};
	objectVersion = 55;
	objects = {

/* Begin PBXBuildFile section */
		BCC13F8128B78DB500E59FBA /* TotalBillView.swift in Sources */ = {isa = PBXBuildFile; fileRef = BCC13F8028B78DB500E59FBA /* TotalBillView.swift */; };
		BCC13F8328B793FB00E59FBA /* PersonsView.swift in Sources */ = {isa = PBXBuildFile; fileRef = BCC13F8228B793FB00E59FBA /* PersonsView.swift */; };
		BCC13F8728B7A42100E59FBA /* TipsCollectionViewCell.swift in Sources */ = {isa = PBXBuildFile; fileRef = BCC13F8628B7A42100E59FBA /* TipsCollectionViewCell.swift */; };
		BCC13F8E28B7A77500E59FBA /* TipsView.swift in Sources */ = {isa = PBXBuildFile; fileRef = BCC13F8D28B7A77500E59FBA /* TipsView.swift */; };
		BCD3A68128B73C8E00079312 /* AppDelegate.swift in Sources */ = {isa = PBXBuildFile; fileRef = BCD3A68028B73C8E00079312 /* AppDelegate.swift */; };
		BCD3A68328B73C8E00079312 /* SceneDelegate.swift in Sources */ = {isa = PBXBuildFile; fileRef = BCD3A68228B73C8E00079312 /* SceneDelegate.swift */; };
		BCD3A68528B73C8E00079312 /* MainViewController.swift in Sources */ = {isa = PBXBuildFile; fileRef = BCD3A68428B73C8E00079312 /* MainViewController.swift */; };
		BCD3A68A28B73C8F00079312 /* Assets.xcassets in Resources */ = {isa = PBXBuildFile; fileRef = BCD3A68928B73C8F00079312 /* Assets.xcassets */; };
		BCD3A68D28B73C8F00079312 /* LaunchScreen.storyboard in Resources */ = {isa = PBXBuildFile; fileRef = BCD3A68B28B73C8F00079312 /* LaunchScreen.storyboard */; };
/* End PBXBuildFile section */

/* Begin PBXFileReference section */
		BCC13F8028B78DB500E59FBA /* TotalBillView.swift */ = {isa = PBXFileReference; lastKnownFileType = sourcecode.swift; path = TotalBillView.swift; sourceTree = "<group>"; };
		BCC13F8228B793FB00E59FBA /* PersonsView.swift */ = {isa = PBXFileReference; lastKnownFileType = sourcecode.swift; path = PersonsView.swift; sourceTree = "<group>"; };
		BCC13F8628B7A42100E59FBA /* TipsCollectionViewCell.swift */ = {isa = PBXFileReference; lastKnownFileType = sourcecode.swift; path = TipsCollectionViewCell.swift; sourceTree = "<group>"; };
		BCC13F8D28B7A77500E59FBA /* TipsView.swift */ = {isa = PBXFileReference; lastKnownFileType = sourcecode.swift; path = TipsView.swift; sourceTree = "<group>"; };
		BCD3A67D28B73C8E00079312 /* TotalBill.app */ = {isa = PBXFileReference; explicitFileType = wrapper.application; includeInIndex = 0; path = TotalBill.app; sourceTree = BUILT_PRODUCTS_DIR; };
		BCD3A68028B73C8E00079312 /* AppDelegate.swift */ = {isa = PBXFileReference; lastKnownFileType = sourcecode.swift; path = AppDelegate.swift; sourceTree = "<group>"; };
		BCD3A68228B73C8E00079312 /* SceneDelegate.swift */ = {isa = PBXFileReference; lastKnownFileType = sourcecode.swift; path = SceneDelegate.swift; sourceTree = "<group>"; };
		BCD3A68428B73C8E00079312 /* MainViewController.swift */ = {isa = PBXFileReference; lastKnownFileType = sourcecode.swift; path = MainViewController.swift; sourceTree = "<group>"; };
		BCD3A68928B73C8F00079312 /* Assets.xcassets */ = {isa = PBXFileReference; lastKnownFileType = folder.assetcatalog; path = Assets.xcassets; sourceTree = "<group>"; };
		BCD3A68C28B73C8F00079312 /* Base */ = {isa = PBXFileReference; lastKnownFileType = file.storyboard; name = Base; path = Base.lproj/LaunchScreen.storyboard; sourceTree = "<group>"; };
		BCD3A68E28B73C8F00079312 /* Info.plist */ = {isa = PBXFileReference; lastKnownFileType = text.plist.xml; path = Info.plist; sourceTree = "<group>"; };
/* End PBXFileReference section */

/* Begin PBXFrameworksBuildPhase section */
		BCD3A67A28B73C8E00079312 /* Frameworks */ = {
			isa = PBXFrameworksBuildPhase;
			buildActionMask = 2147483647;
			files = (
			);
			runOnlyForDeploymentPostprocessing = 0;
		};
/* End PBXFrameworksBuildPhase section */

/* Begin PBXGroup section */
		BCC13F8828B7A44000E59FBA /* Application */ = {
			isa = PBXGroup;
			children = (
				BCD3A68028B73C8E00079312 /* AppDelegate.swift */,
				BCD3A68228B73C8E00079312 /* SceneDelegate.swift */,
			);
			path = Application;
			sourceTree = "<group>";
		};
		BCC13F8928B7A47600E59FBA /* Views */ = {
			isa = PBXGroup;
			children = (
				BCC13F8028B78DB500E59FBA /* TotalBillView.swift */,
				BCC13F8228B793FB00E59FBA /* PersonsView.swift */,
				BCC13F8D28B7A77500E59FBA /* TipsView.swift */,
				BCC13F8C28B7A4FE00E59FBA /* Cells */,
			);
			path = Views;
			sourceTree = "<group>";
		};
		BCC13F8A28B7A49D00E59FBA /* ViewController */ = {
			isa = PBXGroup;
			children = (
				BCD3A68428B73C8E00079312 /* MainViewController.swift */,
			);
			path = ViewController;
			sourceTree = "<group>";
		};
		BCC13F8B28B7A4D000E59FBA /* Resources */ = {
			isa = PBXGroup;
			children = (
				BCD3A68928B73C8F00079312 /* Assets.xcassets */,
				BCD3A68B28B73C8F00079312 /* LaunchScreen.storyboard */,
				BCD3A68E28B73C8F00079312 /* Info.plist */,
			);
			path = Resources;
			sourceTree = "<group>";
		};
		BCC13F8C28B7A4FE00E59FBA /* Cells */ = {
			isa = PBXGroup;
			children = (
				BCC13F8628B7A42100E59FBA /* TipsCollectionViewCell.swift */,
			);
			path = Cells;
			sourceTree = "<group>";
		};
		BCD3A67428B73C8E00079312 = {
			isa = PBXGroup;
			children = (
				BCD3A67F28B73C8E00079312 /* TotalBill */,
				BCD3A67E28B73C8E00079312 /* Products */,
			);
			sourceTree = "<group>";
		};
		BCD3A67E28B73C8E00079312 /* Products */ = {
			isa = PBXGroup;
			children = (
				BCD3A67D28B73C8E00079312 /* TotalBill.app */,
			);
			name = Products;
			sourceTree = "<group>";
		};
		BCD3A67F28B73C8E00079312 /* TotalBill */ = {
			isa = PBXGroup;
			children = (
				BCC13F8A28B7A49D00E59FBA /* ViewController */,
				BCC13F8928B7A47600E59FBA /* Views */,
				BCC13F8828B7A44000E59FBA /* Application */,
				BCC13F8B28B7A4D000E59FBA /* Resources */,
			);
			path = TotalBill;
			sourceTree = "<group>";
		};
/* End PBXGroup section */

/* Begin PBXNativeTarget section */
		BCD3A67C28B73C8E00079312 /* TotalBill */ = {
			isa = PBXNativeTarget;
			buildConfigurationList = BCD3A69128B73C8F00079312 /* Build configuration list for PBXNativeTarget "TotalBill" */;
			buildPhases = (
				BCD3A67928B73C8E00079312 /* Sources */,
				BCD3A67A28B73C8E00079312 /* Frameworks */,
				BCD3A67B28B73C8E00079312 /* Resources */,
			);
			buildRules = (
			);
			dependencies = (
			);
			name = TotalBill;
			productName = TotalBill;
			productReference = BCD3A67D28B73C8E00079312 /* TotalBill.app */;
			productType = "com.apple.product-type.application";
		};
/* End PBXNativeTarget section */

/* Begin PBXProject section */
		BCD3A67528B73C8E00079312 /* Project object */ = {
			isa = PBXProject;
			attributes = {
				BuildIndependentTargetsInParallel = 1;
				LastSwiftUpdateCheck = 1340;
				LastUpgradeCheck = 1340;
				TargetAttributes = {
					BCD3A67C28B73C8E00079312 = {
						CreatedOnToolsVersion = 13.4.1;
					};
				};
			};
			buildConfigurationList = BCD3A67828B73C8E00079312 /* Build configuration list for PBXProject "TotalBill" */;
			compatibilityVersion = "Xcode 13.0";
			developmentRegion = en;
			hasScannedForEncodings = 0;
			knownRegions = (
				en,
				Base,
			);
			mainGroup = BCD3A67428B73C8E00079312;
			productRefGroup = BCD3A67E28B73C8E00079312 /* Products */;
			projectDirPath = "";
			projectRoot = "";
			targets = (
				BCD3A67C28B73C8E00079312 /* TotalBill */,
			);
		};
/* End PBXProject section */

/* Begin PBXResourcesBuildPhase section */
		BCD3A67B28B73C8E00079312 /* Resources */ = {
			isa = PBXResourcesBuildPhase;
			buildActionMask = 2147483647;
			files = (
				BCD3A68D28B73C8F00079312 /* LaunchScreen.storyboard in Resources */,
				BCD3A68A28B73C8F00079312 /* Assets.xcassets in Resources */,
			);
			runOnlyForDeploymentPostprocessing = 0;
		};
/* End PBXResourcesBuildPhase section */

/* Begin PBXSourcesBuildPhase section */
		BCD3A67928B73C8E00079312 /* Sources */ = {
			isa = PBXSourcesBuildPhase;
			buildActionMask = 2147483647;
			files = (
				BCC13F8128B78DB500E59FBA /* TotalBillView.swift in Sources */,
				BCC13F8328B793FB00E59FBA /* PersonsView.swift in Sources */,
				BCD3A68528B73C8E00079312 /* MainViewController.swift in Sources */,
				BCC13F8E28B7A77500E59FBA /* TipsView.swift in Sources */,
				BCC13F8728B7A42100E59FBA /* TipsCollectionViewCell.swift in Sources */,
				BCD3A68128B73C8E00079312 /* AppDelegate.swift in Sources */,
				BCD3A68328B73C8E00079312 /* SceneDelegate.swift in Sources */,
			);
			runOnlyForDeploymentPostprocessing = 0;
		};
/* End PBXSourcesBuildPhase section */

/* Begin PBXVariantGroup section */
		BCD3A68B28B73C8F00079312 /* LaunchScreen.storyboard */ = {
			isa = PBXVariantGroup;
			children = (
				BCD3A68C28B73C8F00079312 /* Base */,
			);
			name = LaunchScreen.storyboard;
			sourceTree = "<group>";
		};
/* End PBXVariantGroup section */

/* Begin XCBuildConfiguration section */
		BCD3A68F28B73C8F00079312 /* Debug */ = {
			isa = XCBuildConfiguration;
			buildSettings = {
				ALWAYS_SEARCH_USER_PATHS = NO;
				CLANG_ANALYZER_NONNULL = YES;
				CLANG_ANALYZER_NUMBER_OBJECT_CONVERSION = YES_AGGRESSIVE;
				CLANG_CXX_LANGUAGE_STANDARD = "gnu++17";
				CLANG_ENABLE_MODULES = YES;
				CLANG_ENABLE_OBJC_ARC = YES;
				CLANG_ENABLE_OBJC_WEAK = YES;
				CLANG_WARN_BLOCK_CAPTURE_AUTORELEASING = YES;
				CLANG_WARN_BOOL_CONVERSION = YES;
				CLANG_WARN_COMMA = YES;
				CLANG_WARN_CONSTANT_CONVERSION = YES;
				CLANG_WARN_DEPRECATED_OBJC_IMPLEMENTATIONS = YES;
				CLANG_WARN_DIRECT_OBJC_ISA_USAGE = YES_ERROR;
				CLANG_WARN_DOCUMENTATION_COMMENTS = YES;
				CLANG_WARN_EMPTY_BODY = YES;
				CLANG_WARN_ENUM_CONVERSION = YES;
				CLANG_WARN_INFINITE_RECURSION = YES;
				CLANG_WARN_INT_CONVERSION = YES;
				CLANG_WARN_NON_LITERAL_NULL_CONVERSION = YES;
				CLANG_WARN_OBJC_IMPLICIT_RETAIN_SELF = YES;
				CLANG_WARN_OBJC_LITERAL_CONVERSION = YES;
				CLANG_WARN_OBJC_ROOT_CLASS = YES_ERROR;
				CLANG_WARN_QUOTED_INCLUDE_IN_FRAMEWORK_HEADER = YES;
				CLANG_WARN_RANGE_LOOP_ANALYSIS = YES;
				CLANG_WARN_STRICT_PROTOTYPES = YES;
				CLANG_WARN_SUSPICIOUS_MOVE = YES;
				CLANG_WARN_UNGUARDED_AVAILABILITY = YES_AGGRESSIVE;
				CLANG_WARN_UNREACHABLE_CODE = YES;
				CLANG_WARN__DUPLICATE_METHOD_MATCH = YES;
				COPY_PHASE_STRIP = NO;
				DEBUG_INFORMATION_FORMAT = dwarf;
				ENABLE_STRICT_OBJC_MSGSEND = YES;
				ENABLE_TESTABILITY = YES;
				GCC_C_LANGUAGE_STANDARD = gnu11;
				GCC_DYNAMIC_NO_PIC = NO;
				GCC_NO_COMMON_BLOCKS = YES;
				GCC_OPTIMIZATION_LEVEL = 0;
				GCC_PREPROCESSOR_DEFINITIONS = (
					"DEBUG=1",
					"$(inherited)",
				);
				GCC_WARN_64_TO_32_BIT_CONVERSION = YES;
				GCC_WARN_ABOUT_RETURN_TYPE = YES_ERROR;
				GCC_WARN_UNDECLARED_SELECTOR = YES;
				GCC_WARN_UNINITIALIZED_AUTOS = YES_AGGRESSIVE;
				GCC_WARN_UNUSED_FUNCTION = YES;
				GCC_WARN_UNUSED_VARIABLE = YES;
				IPHONEOS_DEPLOYMENT_TARGET = 15.5;
				MTL_ENABLE_DEBUG_INFO = INCLUDE_SOURCE;
				MTL_FAST_MATH = YES;
				ONLY_ACTIVE_ARCH = YES;
				SDKROOT = iphoneos;
				SWIFT_ACTIVE_COMPILATION_CONDITIONS = DEBUG;
				SWIFT_OPTIMIZATION_LEVEL = "-Onone";
			};
			name = Debug;
		};
		BCD3A69028B73C8F00079312 /* Release */ = {
			isa = XCBuildConfiguration;
			buildSettings = {
				ALWAYS_SEARCH_USER_PATHS = NO;
				CLANG_ANALYZER_NONNULL = YES;
				CLANG_ANALYZER_NUMBER_OBJECT_CONVERSION = YES_AGGRESSIVE;
				CLANG_CXX_LANGUAGE_STANDARD = "gnu++17";
				CLANG_ENABLE_MODULES = YES;
				CLANG_ENABLE_OBJC_ARC = YES;
				CLANG_ENABLE_OBJC_WEAK = YES;
				CLANG_WARN_BLOCK_CAPTURE_AUTORELEASING = YES;
				CLANG_WARN_BOOL_CONVERSION = YES;
				CLANG_WARN_COMMA = YES;
				CLANG_WARN_CONSTANT_CONVERSION = YES;
				CLANG_WARN_DEPRECATED_OBJC_IMPLEMENTATIONS = YES;
				CLANG_WARN_DIRECT_OBJC_ISA_USAGE = YES_ERROR;
				CLANG_WARN_DOCUMENTATION_COMMENTS = YES;
				CLANG_WARN_EMPTY_BODY = YES;
				CLANG_WARN_ENUM_CONVERSION = YES;
				CLANG_WARN_INFINITE_RECURSION = YES;
				CLANG_WARN_INT_CONVERSION = YES;
				CLANG_WARN_NON_LITERAL_NULL_CONVERSION = YES;
				CLANG_WARN_OBJC_IMPLICIT_RETAIN_SELF = YES;
				CLANG_WARN_OBJC_LITERAL_CONVERSION = YES;
				CLANG_WARN_OBJC_ROOT_CLASS = YES_ERROR;
				CLANG_WARN_QUOTED_INCLUDE_IN_FRAMEWORK_HEADER = YES;
				CLANG_WARN_RANGE_LOOP_ANALYSIS = YES;
				CLANG_WARN_STRICT_PROTOTYPES = YES;
				CLANG_WARN_SUSPICIOUS_MOVE = YES;
				CLANG_WARN_UNGUARDED_AVAILABILITY = YES_AGGRESSIVE;
				CLANG_WARN_UNREACHABLE_CODE = YES;
				CLANG_WARN__DUPLICATE_METHOD_MATCH = YES;
				COPY_PHASE_STRIP = NO;
				DEBUG_INFORMATION_FORMAT = "dwarf-with-dsym";
				ENABLE_NS_ASSERTIONS = NO;
				ENABLE_STRICT_OBJC_MSGSEND = YES;
				GCC_C_LANGUAGE_STANDARD = gnu11;
				GCC_NO_COMMON_BLOCKS = YES;
				GCC_WARN_64_TO_32_BIT_CONVERSION = YES;
				GCC_WARN_ABOUT_RETURN_TYPE = YES_ERROR;
				GCC_WARN_UNDECLARED_SELECTOR = YES;
				GCC_WARN_UNINITIALIZED_AUTOS = YES_AGGRESSIVE;
				GCC_WARN_UNUSED_FUNCTION = YES;
				GCC_WARN_UNUSED_VARIABLE = YES;
				IPHONEOS_DEPLOYMENT_TARGET = 15.5;
				MTL_ENABLE_DEBUG_INFO = NO;
				MTL_FAST_MATH = YES;
				SDKROOT = iphoneos;
				SWIFT_COMPILATION_MODE = wholemodule;
				SWIFT_OPTIMIZATION_LEVEL = "-O";
				VALIDATE_PRODUCT = YES;
			};
			name = Release;
		};
		BCD3A69228B73C8F00079312 /* Debug */ = {
			isa = XCBuildConfiguration;
			buildSettings = {
				ASSETCATALOG_COMPILER_APPICON_NAME = AppIcon;
				ASSETCATALOG_COMPILER_GLOBAL_ACCENT_COLOR_NAME = AccentColor;
				CODE_SIGN_STYLE = Automatic;
				CURRENT_PROJECT_VERSION = 3;
				DEVELOPMENT_TEAM = 85D2483FS7;
				GENERATE_INFOPLIST_FILE = YES;
				INFOPLIST_FILE = TotalBill/Resources/Info.plist;
				INFOPLIST_KEY_UIApplicationSupportsIndirectInputEvents = YES;
				INFOPLIST_KEY_UILaunchStoryboardName = LaunchScreen;
				INFOPLIST_KEY_UISupportedInterfaceOrientations = UIInterfaceOrientationPortrait;
				INFOPLIST_KEY_UISupportedInterfaceOrientations_iPad = "UIInterfaceOrientationPortrait UIInterfaceOrientationPortraitUpsideDown UIInterfaceOrientationLandscapeLeft UIInterfaceOrientationLandscapeRight";
				INFOPLIST_KEY_UISupportedInterfaceOrientations_iPhone = "UIInterfaceOrientationPortrait UIInterfaceOrientationLandscapeLeft UIInterfaceOrientationLandscapeRight";
				IPHONEOS_DEPLOYMENT_TARGET = 13.2;
				LD_RUNPATH_SEARCH_PATHS = (
					"$(inherited)",
					"@executable_path/Frameworks",
				);
				MARKETING_VERSION = 1.2.0;
				PRODUCT_BUNDLE_IDENTIFIER = mobilenie.TotalBill;
				PRODUCT_NAME = "$(TARGET_NAME)";
				SWIFT_EMIT_LOC_STRINGS = YES;
				SWIFT_VERSION = 5.0;
				TARGETED_DEVICE_FAMILY = 1;
			};
			name = Debug;
		};
		BCD3A69328B73C8F00079312 /* Release */ = {
			isa = XCBuildConfiguration;
			buildSettings = {
				ASSETCATALOG_COMPILER_APPICON_NAME = AppIcon;
				ASSETCATALOG_COMPILER_GLOBAL_ACCENT_COLOR_NAME = AccentColor;
				CODE_SIGN_STYLE = Automatic;
				CURRENT_PROJECT_VERSION = 3;
				DEVELOPMENT_TEAM = 85D2483FS7;
				GENERATE_INFOPLIST_FILE = YES;
				INFOPLIST_FILE = TotalBill/Resources/Info.plist;
				INFOPLIST_KEY_UIApplicationSupportsIndirectInputEvents = YES;
				INFOPLIST_KEY_UILaunchStoryboardName = LaunchScreen;
				INFOPLIST_KEY_UISupportedInterfaceOrientations = UIInterfaceOrientationPortrait;
				INFOPLIST_KEY_UISupportedInterfaceOrientations_iPad = "UIInterfaceOrientationPortrait UIInterfaceOrientationPortraitUpsideDown UIInterfaceOrientationLandscapeLeft UIInterfaceOrientationLandscapeRight";
				INFOPLIST_KEY_UISupportedInterfaceOrientations_iPhone = "UIInterfaceOrientationPortrait UIInterfaceOrientationLandscapeLeft UIInterfaceOrientationLandscapeRight";
				IPHONEOS_DEPLOYMENT_TARGET = 13.2;
				LD_RUNPATH_SEARCH_PATHS = (
					"$(inherited)",
					"@executable_path/Frameworks",
				);
				MARKETING_VERSION = 1.2.0;
				PRODUCT_BUNDLE_IDENTIFIER = mobilenie.TotalBill;
				PRODUCT_NAME = "$(TARGET_NAME)";
				SWIFT_EMIT_LOC_STRINGS = YES;
				SWIFT_VERSION = 5.0;
				TARGETED_DEVICE_FAMILY = 1;
			};
			name = Release;
		};
/* End XCBuildConfiguration section */

/* Begin XCConfigurationList section */
		BCD3A67828B73C8E00079312 /* Build configuration list for PBXProject "TotalBill" */ = {
			isa = XCConfigurationList;
			buildConfigurations = (
				BCD3A68F28B73C8F00079312 /* Debug */,
				BCD3A69028B73C8F00079312 /* Release */,
			);
			defaultConfigurationIsVisible = 0;
			defaultConfigurationName = Release;
		};
		BCD3A69128B73C8F00079312 /* Build configuration list for PBXNativeTarget "TotalBill" */ = {
			isa = XCConfigurationList;
			buildConfigurations = (
				BCD3A69228B73C8F00079312 /* Debug */,
				BCD3A69328B73C8F00079312 /* Release */,
			);
			defaultConfigurationIsVisible = 0;
			defaultConfigurationName = Release;
		};
/* End XCConfigurationList section */
	};
	rootObject = BCD3A67528B73C8E00079312 /* Project object */;
}
